
Microsoft Visual Studio Solution File, Format Version 12.00
# Visual Studio Version 16
VisualStudioVersion = 16.0.31005.135
MinimumVisualStudioVersion = 15.0.26124.0
Project("{2150E333-8FDC-42A3-9474-1A3956D46DE8}") = "src", "src", "{8252AFA1-FB67-4BD8-84BD-49D029F2794C}"
	ProjectSection(SolutionItems) = preProject
		src\Directory.Build.props = src\Directory.Build.props
	EndProjectSection
EndProject
Project("{2150E333-8FDC-42A3-9474-1A3956D46DE8}") = "Solution Items", "Solution Items", "{2DB8B570-E916-47E8-B5AF-CADF098593AC}"
	ProjectSection(SolutionItems) = preProject
		.editorconfig = .editorconfig
		.gitignore = .gitignore
		Directory.Build.props = Directory.Build.props
		Directory.Build.targets = Directory.Build.targets
		Directory.Packages.props = Directory.Packages.props
		README.md = README.md
	EndProjectSection
EndProject
Project("{2150E333-8FDC-42A3-9474-1A3956D46DE8}") = "test", "test", "{F7CE5BDA-9D4A-4DAB-B64F-DEC8FA931E32}"
	ProjectSection(SolutionItems) = preProject
		test\Directory.Build.props = test\Directory.Build.props
	EndProjectSection
EndProject
Project("{2150E333-8FDC-42A3-9474-1A3956D46DE8}") = "samples", "samples", "{21E370C7-8366-4506-856D-5C4037DED941}"
	ProjectSection(SolutionItems) = preProject
		samples\Directory.Build.props = samples\Directory.Build.props
	EndProjectSection
EndProject
Project("{2150E333-8FDC-42A3-9474-1A3956D46DE8}") = "Shared", "Shared", "{B660B673-2207-497E-9359-0FDC974A06BE}"
	ProjectSection(SolutionItems) = preProject
		src\Shared\ConditionalCLSCompliance.cs = src\Shared\ConditionalCLSCompliance.cs
		src\Shared\IsExternalInit.cs = src\Shared\IsExternalInit.cs
		src\Shared\NullabilityAttributes.cs = src\Shared\NullabilityAttributes.cs
		src\Shared\Range.cs = src\Shared\Range.cs
		src\Shared\Rune.cs = src\Shared\Rune.cs
		src\Shared\SkipLocalsInitAttribute.cs = src\Shared\SkipLocalsInitAttribute.cs
	EndProjectSection
EndProject
Project("{9A19103F-16F7-4668-BE54-9A1E7A4F7556}") = "AsyncQueryableAdapter", "src\AsyncQueryableAdapter\AsyncQueryableAdapter.csproj", "{80961BD4-3C36-453D-AFC3-2FFC91665BE0}"
EndProject
Project("{9A19103F-16F7-4668-BE54-9A1E7A4F7556}") = "AsyncQueryableAdapter.Sample", "samples\AsyncQueryableAdapter.Sample\AsyncQueryableAdapter.Sample.csproj", "{AAAED628-83A9-489F-A801-1BCFB7B614F3}"
EndProject
Project("{9A19103F-16F7-4668-BE54-9A1E7A4F7556}") = "AsyncQueryableAdapter.Tests", "test\AsyncQueryableAdapter.Tests\AsyncQueryableAdapter.Tests.csproj", "{738613C9-8584-46D8-A803-FC26D10F3BC6}"
EndProject
Project("{9A19103F-16F7-4668-BE54-9A1E7A4F7556}") = "AsyncQueryableAdapterPrototype.Specification", "test\AsyncQueryableAdapterPrototype.Specification\AsyncQueryableAdapterPrototype.Specification.csproj", "{9EA6CE73-8F3E-4FF0-854F-9CAA4FA7A79C}"
EndProject
Project("{2150E333-8FDC-42A3-9474-1A3956D46DE8}") = "build", "build", "{30CB25E2-78EE-42F2-BF23-BC275B832FAC}"
	ProjectSection(SolutionItems) = preProject
		build\Directory.Build.props = build\Directory.Build.props
	EndProjectSection
EndProject
Project("{9A19103F-16F7-4668-BE54-9A1E7A4F7556}") = "AsyncQueryableAdapter.Specifications.Generator", "build\AsyncQueryableAdapter.Specifications.Generator\AsyncQueryableAdapter.Specifications.Generator.csproj", "{FC84404B-91EA-457A-B38A-2B4ADDF3F042}"
EndProject
Project("{D954291E-2A0B-460D-934E-DC6B0785DB48}") = "AsyncQueryableAdapterPrototype.Shared", "src\AsyncQueryableAdapterPrototype.Shared\AsyncQueryableAdapterPrototype.Shared.shproj", "{C38A4BF7-9050-4E12-89EA-3187397BB678}"
EndProject
Project("{FAE04EC0-301F-11D3-BF4B-00C04F79EFBC}") = "AsyncQueryablePrototype.Shared.Tests", "test\AsyncQueryablePrototype.Shared.Tests\AsyncQueryablePrototype.Shared.Tests.csproj", "{C708F86D-B806-4879-AA9C-84EBCBAAC400}"
EndProject
Global
	GlobalSection(SharedMSBuildProjectFiles) = preSolution
		src\AsyncQueryableAdapterPrototype.Shared\AsyncQueryableAdapterPrototype.Shared.projitems*{80961bd4-3c36-453d-afc3-2ffc91665be0}*SharedItemsImports = 5
		src\AsyncQueryableAdapterPrototype.Shared\AsyncQueryableAdapterPrototype.Shared.projitems*{c38a4bf7-9050-4e12-89ea-3187397bb678}*SharedItemsImports = 13
		src\AsyncQueryableAdapterPrototype.Shared\AsyncQueryableAdapterPrototype.Shared.projitems*{c708f86d-b806-4879-aa9c-84ebcbaac400}*SharedItemsImports = 5
		src\AsyncQueryableAdapterPrototype.Shared\AsyncQueryableAdapterPrototype.Shared.projitems*{fc84404b-91ea-457a-b38a-2b4addf3f042}*SharedItemsImports = 5
	EndGlobalSection
	GlobalSection(SolutionConfigurationPlatforms) = preSolution
		Debug|Any CPU = Debug|Any CPU
		Debug|x64 = Debug|x64
		Debug|x86 = Debug|x86
		Release|Any CPU = Release|Any CPU
		Release|x64 = Release|x64
		Release|x86 = Release|x86
	EndGlobalSection
	GlobalSection(ProjectConfigurationPlatforms) = postSolution
		{80961BD4-3C36-453D-AFC3-2FFC91665BE0}.Debug|Any CPU.ActiveCfg = Debug|Any CPU
		{80961BD4-3C36-453D-AFC3-2FFC91665BE0}.Debug|Any CPU.Build.0 = Debug|Any CPU
		{80961BD4-3C36-453D-AFC3-2FFC91665BE0}.Debug|x64.ActiveCfg = Debug|Any CPU
		{80961BD4-3C36-453D-AFC3-2FFC91665BE0}.Debug|x64.Build.0 = Debug|Any CPU
		{80961BD4-3C36-453D-AFC3-2FFC91665BE0}.Debug|x86.ActiveCfg = Debug|Any CPU
		{80961BD4-3C36-453D-AFC3-2FFC91665BE0}.Debug|x86.Build.0 = Debug|Any CPU
		{80961BD4-3C36-453D-AFC3-2FFC91665BE0}.Release|Any CPU.ActiveCfg = Release|Any CPU
		{80961BD4-3C36-453D-AFC3-2FFC91665BE0}.Release|Any CPU.Build.0 = Release|Any CPU
		{80961BD4-3C36-453D-AFC3-2FFC91665BE0}.Release|x64.ActiveCfg = Release|Any CPU
		{80961BD4-3C36-453D-AFC3-2FFC91665BE0}.Release|x64.Build.0 = Release|Any CPU
		{80961BD4-3C36-453D-AFC3-2FFC91665BE0}.Release|x86.ActiveCfg = Release|Any CPU
		{80961BD4-3C36-453D-AFC3-2FFC91665BE0}.Release|x86.Build.0 = Release|Any CPU
		{AAAED628-83A9-489F-A801-1BCFB7B614F3}.Debug|Any CPU.ActiveCfg = Debug|Any CPU
		{AAAED628-83A9-489F-A801-1BCFB7B614F3}.Debug|Any CPU.Build.0 = Debug|Any CPU
		{AAAED628-83A9-489F-A801-1BCFB7B614F3}.Debug|x64.ActiveCfg = Debug|Any CPU
		{AAAED628-83A9-489F-A801-1BCFB7B614F3}.Debug|x64.Build.0 = Debug|Any CPU
		{AAAED628-83A9-489F-A801-1BCFB7B614F3}.Debug|x86.ActiveCfg = Debug|Any CPU
		{AAAED628-83A9-489F-A801-1BCFB7B614F3}.Debug|x86.Build.0 = Debug|Any CPU
		{AAAED628-83A9-489F-A801-1BCFB7B614F3}.Release|Any CPU.ActiveCfg = Release|Any CPU
		{AAAED628-83A9-489F-A801-1BCFB7B614F3}.Release|Any CPU.Build.0 = Release|Any CPU
		{AAAED628-83A9-489F-A801-1BCFB7B614F3}.Release|x64.ActiveCfg = Release|Any CPU
		{AAAED628-83A9-489F-A801-1BCFB7B614F3}.Release|x64.Build.0 = Release|Any CPU
		{AAAED628-83A9-489F-A801-1BCFB7B614F3}.Release|x86.ActiveCfg = Release|Any CPU
		{AAAED628-83A9-489F-A801-1BCFB7B614F3}.Release|x86.Build.0 = Release|Any CPU
		{738613C9-8584-46D8-A803-FC26D10F3BC6}.Debug|Any CPU.ActiveCfg = Debug|Any CPU
		{738613C9-8584-46D8-A803-FC26D10F3BC6}.Debug|Any CPU.Build.0 = Debug|Any CPU
		{738613C9-8584-46D8-A803-FC26D10F3BC6}.Debug|x64.ActiveCfg = Debug|Any CPU
		{738613C9-8584-46D8-A803-FC26D10F3BC6}.Debug|x64.Build.0 = Debug|Any CPU
		{738613C9-8584-46D8-A803-FC26D10F3BC6}.Debug|x86.ActiveCfg = Debug|Any CPU
		{738613C9-8584-46D8-A803-FC26D10F3BC6}.Debug|x86.Build.0 = Debug|Any CPU
		{738613C9-8584-46D8-A803-FC26D10F3BC6}.Release|Any CPU.ActiveCfg = Release|Any CPU
		{738613C9-8584-46D8-A803-FC26D10F3BC6}.Release|Any CPU.Build.0 = Release|Any CPU
		{738613C9-8584-46D8-A803-FC26D10F3BC6}.Release|x64.ActiveCfg = Release|Any CPU
		{738613C9-8584-46D8-A803-FC26D10F3BC6}.Release|x64.Build.0 = Release|Any CPU
		{738613C9-8584-46D8-A803-FC26D10F3BC6}.Release|x86.ActiveCfg = Release|Any CPU
		{738613C9-8584-46D8-A803-FC26D10F3BC6}.Release|x86.Build.0 = Release|Any CPU
		{9EA6CE73-8F3E-4FF0-854F-9CAA4FA7A79C}.Debug|Any CPU.ActiveCfg = Debug|Any CPU
		{9EA6CE73-8F3E-4FF0-854F-9CAA4FA7A79C}.Debug|Any CPU.Build.0 = Debug|Any CPU
		{9EA6CE73-8F3E-4FF0-854F-9CAA4FA7A79C}.Debug|x64.ActiveCfg = Debug|Any CPU
		{9EA6CE73-8F3E-4FF0-854F-9CAA4FA7A79C}.Debug|x64.Build.0 = Debug|Any CPU
		{9EA6CE73-8F3E-4FF0-854F-9CAA4FA7A79C}.Debug|x86.ActiveCfg = Debug|Any CPU
		{9EA6CE73-8F3E-4FF0-854F-9CAA4FA7A79C}.Debug|x86.Build.0 = Debug|Any CPU
		{9EA6CE73-8F3E-4FF0-854F-9CAA4FA7A79C}.Release|Any CPU.ActiveCfg = Release|Any CPU
		{9EA6CE73-8F3E-4FF0-854F-9CAA4FA7A79C}.Release|Any CPU.Build.0 = Release|Any CPU
		{9EA6CE73-8F3E-4FF0-854F-9CAA4FA7A79C}.Release|x64.ActiveCfg = Release|Any CPU
		{9EA6CE73-8F3E-4FF0-854F-9CAA4FA7A79C}.Release|x64.Build.0 = Release|Any CPU
		{9EA6CE73-8F3E-4FF0-854F-9CAA4FA7A79C}.Release|x86.ActiveCfg = Release|Any CPU
		{9EA6CE73-8F3E-4FF0-854F-9CAA4FA7A79C}.Release|x86.Build.0 = Release|Any CPU
		{FC84404B-91EA-457A-B38A-2B4ADDF3F042}.Debug|Any CPU.ActiveCfg = Debug|Any CPU
		{FC84404B-91EA-457A-B38A-2B4ADDF3F042}.Debug|Any CPU.Build.0 = Debug|Any CPU
		{FC84404B-91EA-457A-B38A-2B4ADDF3F042}.Debug|x64.ActiveCfg = Debug|Any CPU
		{FC84404B-91EA-457A-B38A-2B4ADDF3F042}.Debug|x64.Build.0 = Debug|Any CPU
		{FC84404B-91EA-457A-B38A-2B4ADDF3F042}.Debug|x86.ActiveCfg = Debug|Any CPU
		{FC84404B-91EA-457A-B38A-2B4ADDF3F042}.Debug|x86.Build.0 = Debug|Any CPU
		{FC84404B-91EA-457A-B38A-2B4ADDF3F042}.Release|Any CPU.ActiveCfg = Release|Any CPU
		{FC84404B-91EA-457A-B38A-2B4ADDF3F042}.Release|Any CPU.Build.0 = Release|Any CPU
		{FC84404B-91EA-457A-B38A-2B4ADDF3F042}.Release|x64.ActiveCfg = Release|Any CPU
		{FC84404B-91EA-457A-B38A-2B4ADDF3F042}.Release|x64.Build.0 = Release|Any CPU
		{FC84404B-91EA-457A-B38A-2B4ADDF3F042}.Release|x86.ActiveCfg = Release|Any CPU
		{FC84404B-91EA-457A-B38A-2B4ADDF3F042}.Release|x86.Build.0 = Release|Any CPU
		{C708F86D-B806-4879-AA9C-84EBCBAAC400}.Debug|Any CPU.ActiveCfg = Debug|Any CPU
		{C708F86D-B806-4879-AA9C-84EBCBAAC400}.Debug|Any CPU.Build.0 = Debug|Any CPU
		{C708F86D-B806-4879-AA9C-84EBCBAAC400}.Debug|x64.ActiveCfg = Debug|Any CPU
		{C708F86D-B806-4879-AA9C-84EBCBAAC400}.Debug|x64.Build.0 = Debug|Any CPU
		{C708F86D-B806-4879-AA9C-84EBCBAAC400}.Debug|x86.ActiveCfg = Debug|Any CPU
		{C708F86D-B806-4879-AA9C-84EBCBAAC400}.Debug|x86.Build.0 = Debug|Any CPU
		{C708F86D-B806-4879-AA9C-84EBCBAAC400}.Release|Any CPU.ActiveCfg = Release|Any CPU
		{C708F86D-B806-4879-AA9C-84EBCBAAC400}.Release|Any CPU.Build.0 = Release|Any CPU
		{C708F86D-B806-4879-AA9C-84EBCBAAC400}.Release|x64.ActiveCfg = Release|Any CPU
		{C708F86D-B806-4879-AA9C-84EBCBAAC400}.Release|x64.Build.0 = Release|Any CPU
		{C708F86D-B806-4879-AA9C-84EBCBAAC400}.Release|x86.ActiveCfg = Release|Any CPU
		{C708F86D-B806-4879-AA9C-84EBCBAAC400}.Release|x86.Build.0 = Release|Any CPU
	EndGlobalSection
	GlobalSection(SolutionProperties) = preSolution
		HideSolutionNode = FALSE
	EndGlobalSection
	GlobalSection(NestedProjects) = preSolution
		{B660B673-2207-497E-9359-0FDC974A06BE} = {8252AFA1-FB67-4BD8-84BD-49D029F2794C}
		{80961BD4-3C36-453D-AFC3-2FFC91665BE0} = {8252AFA1-FB67-4BD8-84BD-49D029F2794C}
		{AAAED628-83A9-489F-A801-1BCFB7B614F3} = {21E370C7-8366-4506-856D-5C4037DED941}
		{738613C9-8584-46D8-A803-FC26D10F3BC6} = {F7CE5BDA-9D4A-4DAB-B64F-DEC8FA931E32}
		{9EA6CE73-8F3E-4FF0-854F-9CAA4FA7A79C} = {F7CE5BDA-9D4A-4DAB-B64F-DEC8FA931E32}
		{FC84404B-91EA-457A-B38A-2B4ADDF3F042} = {30CB25E2-78EE-42F2-BF23-BC275B832FAC}
		{C38A4BF7-9050-4E12-89EA-3187397BB678} = {8252AFA1-FB67-4BD8-84BD-49D029F2794C}
		{C708F86D-B806-4879-AA9C-84EBCBAAC400} = {F7CE5BDA-9D4A-4DAB-B64F-DEC8FA931E32}
	EndGlobalSection
	GlobalSection(ExtensibilityGlobals) = postSolution
		SolutionGuid = {E25CEAE8-5983-47BD-ACF5-96800C532C68}
	EndGlobalSection
EndGlobal
